
Microsoft Visual Studio Solution File, Format Version 12.00
# Visual Studio 15
Project("{FAE04EC0-301F-11D3-BF4B-00C04F79EFBC}") = "PhotonUnityNetworking.Demos", "PhotonUnityNetworking.Demos.csproj", "{FCC0862E-FCDC-A4FB-F92A-C42B4FA6229D}"
EndProject
Project("{FAE04EC0-301F-11D3-BF4B-00C04F79EFBC}") = "PhotonUnityNetworking.Utilities", "PhotonUnityNetworking.Utilities.csproj", "{4B05D738-3520-F341-4505-52090C82F8BB}"
EndProject
Project("{FAE04EC0-301F-11D3-BF4B-00C04F79EFBC}") = "PhotonChat", "PhotonChat.csproj", "{B3B14DF9-2287-69FD-A2C9-775442761D30}"
EndProject
Project("{FAE04EC0-301F-11D3-BF4B-00C04F79EFBC}") = "PhotonUnityNetworking", "PhotonUnityNetworking.csproj", "{4B54320C-B6AD-BA73-0EE7-51FCB4A66DD5}"
EndProject
Project("{FAE04EC0-301F-11D3-BF4B-00C04F79EFBC}") = "Assembly-CSharp", "Assembly-CSharp.csproj", "{CE704E88-4F5A-A0DC-F0EF-32C1CDEF6DD2}"
EndProject
Project("{FAE04EC0-301F-11D3-BF4B-00C04F79EFBC}") = "PhotonRealtime", "PhotonRealtime.csproj", "{93CFF10A-B460-A05C-3634-4A1F6B7EF619}"
EndProject
Project("{FAE04EC0-301F-11D3-BF4B-00C04F79EFBC}") = "PhotonWebSocket", "PhotonWebSocket.csproj", "{A5583B93-233A-D27B-C85A-E7C5BE520EC5}"
EndProject
Project("{FAE04EC0-301F-11D3-BF4B-00C04F79EFBC}") = "PhotonUnityNetworking.Editor", "PhotonUnityNetworking.Editor.csproj", "{573ACD33-EB64-A6B8-3DAE-5F4463148BF6}"
EndProject
Project("{FAE04EC0-301F-11D3-BF4B-00C04F79EFBC}") = "PunDemos.DemoHubEditor", "PunDemos.DemoHubEditor.csproj", "{8EFEC25D-0C3B-13E3-5192-5681B6FB6A43}"
EndProject
Project("{FAE04EC0-301F-11D3-BF4B-00C04F79EFBC}") = "PhotonUnityNetworking.Utilities.PhotonPlayer.Editor", "PhotonUnityNetworking.Utilities.PhotonPlayer.Editor.csproj", "{325BB832-3B2F-3E42-E22F-8B7B6EDF04F9}"
EndProject
Project("{FAE04EC0-301F-11D3-BF4B-00C04F79EFBC}") = "PhotonUnityNetworking.Utilities.Culling.Editor", "PhotonUnityNetworking.Utilities.Culling.Editor.csproj", "{12DC8846-E814-DC81-0B48-1888AC9C1B67}"
EndProject
Project("{FAE04EC0-301F-11D3-BF4B-00C04F79EFBC}") = "PunDemos.DemoSlotcarEditor", "PunDemos.DemoSlotcarEditor.csproj", "{D0709DBB-8B5F-7F3E-1DAF-9000FEBB295F}"
EndProject
Global
	GlobalSection(SolutionConfigurationPlatforms) = preSolution
		Debug|Any CPU = Debug|Any CPU
		Release|Any CPU = Release|Any CPU
	EndGlobalSection
	GlobalSection(ProjectConfigurationPlatforms) = postSolution
		{FCC0862E-FCDC-A4FB-F92A-C42B4FA6229D}.Debug|Any CPU.ActiveCfg = Debug|Any CPU
		{FCC0862E-FCDC-A4FB-F92A-C42B4FA6229D}.Debug|Any CPU.Build.0 = Debug|Any CPU
		{FCC0862E-FCDC-A4FB-F92A-C42B4FA6229D}.Release|Any CPU.ActiveCfg = Release|Any CPU
		{FCC0862E-FCDC-A4FB-F92A-C42B4FA6229D}.Release|Any CPU.Build.0 = Release|Any CPU
		{4B05D738-3520-F341-4505-52090C82F8BB}.Debug|Any CPU.ActiveCfg = Debug|Any CPU
		{4B05D738-3520-F341-4505-52090C82F8BB}.Debug|Any CPU.Build.0 = Debug|Any CPU
		{4B05D738-3520-F341-4505-52090C82F8BB}.Release|Any CPU.ActiveCfg = Release|Any CPU
		{4B05D738-3520-F341-4505-52090C82F8BB}.Release|Any CPU.Build.0 = Release|Any CPU
		{B3B14DF9-2287-69FD-A2C9-775442761D30}.Debug|Any CPU.ActiveCfg = Debug|Any CPU
		{B3B14DF9-2287-69FD-A2C9-775442761D30}.Debug|Any CPU.Build.0 = Debug|Any CPU
		{B3B14DF9-2287-69FD-A2C9-775442761D30}.Release|Any CPU.ActiveCfg = Release|Any CPU
		{B3B14DF9-2287-69FD-A2C9-775442761D30}.Release|Any CPU.Build.0 = Release|Any CPU
		{4B54320C-B6AD-BA73-0EE7-51FCB4A66DD5}.Debug|Any CPU.ActiveCfg = Debug|Any CPU
		{4B54320C-B6AD-BA73-0EE7-51FCB4A66DD5}.Debug|Any CPU.Build.0 = Debug|Any CPU
		{4B54320C-B6AD-BA73-0EE7-51FCB4A66DD5}.Release|Any CPU.ActiveCfg = Release|Any CPU
		{4B54320C-B6AD-BA73-0EE7-51FCB4A66DD5}.Release|Any CPU.Build.0 = Release|Any CPU
		{CE704E88-4F5A-A0DC-F0EF-32C1CDEF6DD2}.Debug|Any CPU.ActiveCfg = Debug|Any CPU
		{CE704E88-4F5A-A0DC-F0EF-32C1CDEF6DD2}.Debug|Any CPU.Build.0 = Debug|Any CPU
		{CE704E88-4F5A-A0DC-F0EF-32C1CDEF6DD2}.Release|Any CPU.ActiveCfg = Release|Any CPU
		{CE704E88-4F5A-A0DC-F0EF-32C1CDEF6DD2}.Release|Any CPU.Build.0 = Release|Any CPU
		{93CFF10A-B460-A05C-3634-4A1F6B7EF619}.Debug|Any CPU.ActiveCfg = Debug|Any CPU
		{93CFF10A-B460-A05C-3634-4A1F6B7EF619}.Debug|Any CPU.Build.0 = Debug|Any CPU
		{93CFF10A-B460-A05C-3634-4A1F6B7EF619}.Release|Any CPU.ActiveCfg = Release|Any CPU
		{93CFF10A-B460-A05C-3634-4A1F6B7EF619}.Release|Any CPU.Build.0 = Release|Any CPU
		{A5583B93-233A-D27B-C85A-E7C5BE520EC5}.Debug|Any CPU.ActiveCfg = Debug|Any CPU
		{A5583B93-233A-D27B-C85A-E7C5BE520EC5}.Debug|Any CPU.Build.0 = Debug|Any CPU
		{A5583B93-233A-D27B-C85A-E7C5BE520EC5}.Release|Any CPU.ActiveCfg = Release|Any CPU
		{A5583B93-233A-D27B-C85A-E7C5BE520EC5}.Release|Any CPU.Build.0 = Release|Any CPU
		{573ACD33-EB64-A6B8-3DAE-5F4463148BF6}.Debug|Any CPU.ActiveCfg = Debug|Any CPU
		{573ACD33-EB64-A6B8-3DAE-5F4463148BF6}.Debug|Any CPU.Build.0 = Debug|Any CPU
		{573ACD33-EB64-A6B8-3DAE-5F4463148BF6}.Release|Any CPU.ActiveCfg = Release|Any CPU
		{573ACD33-EB64-A6B8-3DAE-5F4463148BF6}.Release|Any CPU.Build.0 = Release|Any CPU
		{8EFEC25D-0C3B-13E3-5192-5681B6FB6A43}.Debug|Any CPU.ActiveCfg = Debug|Any CPU
		{8EFEC25D-0C3B-13E3-5192-5681B6FB6A43}.Debug|Any CPU.Build.0 = Debug|Any CPU
		{8EFEC25D-0C3B-13E3-5192-5681B6FB6A43}.Release|Any CPU.ActiveCfg = Release|Any CPU
		{8EFEC25D-0C3B-13E3-5192-5681B6FB6A43}.Release|Any CPU.Build.0 = Release|Any CPU
		{325BB832-3B2F-3E42-E22F-8B7B6EDF04F9}.Debug|Any CPU.ActiveCfg = Debug|Any CPU
		{325BB832-3B2F-3E42-E22F-8B7B6EDF04F9}.Debug|Any CPU.Build.0 = Debug|Any CPU
		{325BB832-3B2F-3E42-E22F-8B7B6EDF04F9}.Release|Any CPU.ActiveCfg = Release|Any CPU
		{325BB832-3B2F-3E42-E22F-8B7B6EDF04F9}.Release|Any CPU.Build.0 = Release|Any CPU
		{12DC8846-E814-DC81-0B48-1888AC9C1B67}.Debug|Any CPU.ActiveCfg = Debug|Any CPU
		{12DC8846-E814-DC81-0B48-1888AC9C1B67}.Debug|Any CPU.Build.0 = Debug|Any CPU
		{12DC8846-E814-DC81-0B48-1888AC9C1B67}.Release|Any CPU.ActiveCfg = Release|Any CPU
		{12DC8846-E814-DC81-0B48-1888AC9C1B67}.Release|Any CPU.Build.0 = Release|Any CPU
		{D0709DBB-8B5F-7F3E-1DAF-9000FEBB295F}.Debug|Any CPU.ActiveCfg = Debug|Any CPU
		{D0709DBB-8B5F-7F3E-1DAF-9000FEBB295F}.Debug|Any CPU.Build.0 = Debug|Any CPU
		{D0709DBB-8B5F-7F3E-1DAF-9000FEBB295F}.Release|Any CPU.ActiveCfg = Release|Any CPU
		{D0709DBB-8B5F-7F3E-1DAF-9000FEBB295F}.Release|Any CPU.Build.0 = Release|Any CPU
	EndGlobalSection
	GlobalSection(SolutionProperties) = preSolution
		HideSolutionNode = FALSE
	EndGlobalSection
EndGlobal
