
Microsoft Visual Studio Solution File, Format Version 11.00
# Visual Studio 2010
Project("{FAE04EC0-301F-11D3-BF4B-00C04F79EFBC}") = "PhotonUnityNetworking.Utilities", "PhotonUnityNetworking.Utilities.csproj", "{5BA27F7E-1A13-3C46-8CFC-432ECEBE98A9}"
EndProject
Project("{FAE04EC0-301F-11D3-BF4B-00C04F79EFBC}") = "PhotonChat", "PhotonChat.csproj", "{4BA9309A-27A7-5158-3924-FE3FD513E14F}"
EndProject
Project("{FAE04EC0-301F-11D3-BF4B-00C04F79EFBC}") = "PhotonUnityNetworking", "PhotonUnityNetworking.csproj", "{BBC82D92-7B80-8C97-A5AF-D34496B5A568}"
EndProject
Project("{FAE04EC0-301F-11D3-BF4B-00C04F79EFBC}") = "Assembly-CSharp", "Assembly-CSharp.csproj", "{99DFEBA8-13F2-F24D-C13F-3D94D79ED07E}"
EndProject
Project("{FAE04EC0-301F-11D3-BF4B-00C04F79EFBC}") = "PhotonUnityNetworking.Demos", "PhotonUnityNetworking.Demos.csproj", "{B7853096-A846-987C-75BE-D7D340A83BB7}"
EndProject
Project("{FAE04EC0-301F-11D3-BF4B-00C04F79EFBC}") = "PhotonRealtime", "PhotonRealtime.csproj", "{50A71166-E01D-3412-C8B0-7A8E6C339374}"
EndProject
Project("{FAE04EC0-301F-11D3-BF4B-00C04F79EFBC}") = "PhotonWebSocket", "PhotonWebSocket.csproj", "{70E12CE7-C6D5-6C9B-7E59-DA3A50C02023}"
EndProject
Project("{FAE04EC0-301F-11D3-BF4B-00C04F79EFBC}") = "PhotonUnityNetworking.Editor", "PhotonUnityNetworking.Editor.csproj", "{C659CCB6-77F5-2633-6B81-BEAD79582809}"
EndProject
Project("{FAE04EC0-301F-11D3-BF4B-00C04F79EFBC}") = "PhotonUnityNetworking.Utilities.PhotonPlayer.Editor", "PhotonUnityNetworking.Utilities.PhotonPlayer.Editor.csproj", "{DC163666-5C9A-518B-71DF-5C722C934E0B}"
EndProject
Project("{FAE04EC0-301F-11D3-BF4B-00C04F79EFBC}") = "PhotonUnityNetworking.Utilities.Culling.Editor", "PhotonUnityNetworking.Utilities.Culling.Editor.csproj", "{5C2709DA-1E75-4BCC-DB24-07A844BEC539}"
EndProject
Global
	GlobalSection(SolutionConfigurationPlatforms) = preSolution
		Debug|Any CPU = Debug|Any CPU
		Release|Any CPU = Release|Any CPU
	EndGlobalSection
	GlobalSection(ProjectConfigurationPlatforms) = postSolution
		{5BA27F7E-1A13-3C46-8CFC-432ECEBE98A9}.Debug|Any CPU.ActiveCfg = Debug|Any CPU
		{5BA27F7E-1A13-3C46-8CFC-432ECEBE98A9}.Debug|Any CPU.Build.0 = Debug|Any CPU
		{5BA27F7E-1A13-3C46-8CFC-432ECEBE98A9}.Release|Any CPU.ActiveCfg = Release|Any CPU
		{5BA27F7E-1A13-3C46-8CFC-432ECEBE98A9}.Release|Any CPU.Build.0 = Release|Any CPU
		{4BA9309A-27A7-5158-3924-FE3FD513E14F}.Debug|Any CPU.ActiveCfg = Debug|Any CPU
		{4BA9309A-27A7-5158-3924-FE3FD513E14F}.Debug|Any CPU.Build.0 = Debug|Any CPU
		{4BA9309A-27A7-5158-3924-FE3FD513E14F}.Release|Any CPU.ActiveCfg = Release|Any CPU
		{4BA9309A-27A7-5158-3924-FE3FD513E14F}.Release|Any CPU.Build.0 = Release|Any CPU
		{BBC82D92-7B80-8C97-A5AF-D34496B5A568}.Debug|Any CPU.ActiveCfg = Debug|Any CPU
		{BBC82D92-7B80-8C97-A5AF-D34496B5A568}.Debug|Any CPU.Build.0 = Debug|Any CPU
		{BBC82D92-7B80-8C97-A5AF-D34496B5A568}.Release|Any CPU.ActiveCfg = Release|Any CPU
		{BBC82D92-7B80-8C97-A5AF-D34496B5A568}.Release|Any CPU.Build.0 = Release|Any CPU
		{99DFEBA8-13F2-F24D-C13F-3D94D79ED07E}.Debug|Any CPU.ActiveCfg = Debug|Any CPU
		{99DFEBA8-13F2-F24D-C13F-3D94D79ED07E}.Debug|Any CPU.Build.0 = Debug|Any CPU
		{99DFEBA8-13F2-F24D-C13F-3D94D79ED07E}.Release|Any CPU.ActiveCfg = Release|Any CPU
		{99DFEBA8-13F2-F24D-C13F-3D94D79ED07E}.Release|Any CPU.Build.0 = Release|Any CPU
		{B7853096-A846-987C-75BE-D7D340A83BB7}.Debug|Any CPU.ActiveCfg = Debug|Any CPU
		{B7853096-A846-987C-75BE-D7D340A83BB7}.Debug|Any CPU.Build.0 = Debug|Any CPU
		{B7853096-A846-987C-75BE-D7D340A83BB7}.Release|Any CPU.ActiveCfg = Release|Any CPU
		{B7853096-A846-987C-75BE-D7D340A83BB7}.Release|Any CPU.Build.0 = Release|Any CPU
		{50A71166-E01D-3412-C8B0-7A8E6C339374}.Debug|Any CPU.ActiveCfg = Debug|Any CPU
		{50A71166-E01D-3412-C8B0-7A8E6C339374}.Debug|Any CPU.Build.0 = Debug|Any CPU
		{50A71166-E01D-3412-C8B0-7A8E6C339374}.Release|Any CPU.ActiveCfg = Release|Any CPU
		{50A71166-E01D-3412-C8B0-7A8E6C339374}.Release|Any CPU.Build.0 = Release|Any CPU
		{70E12CE7-C6D5-6C9B-7E59-DA3A50C02023}.Debug|Any CPU.ActiveCfg = Debug|Any CPU
		{70E12CE7-C6D5-6C9B-7E59-DA3A50C02023}.Debug|Any CPU.Build.0 = Debug|Any CPU
		{70E12CE7-C6D5-6C9B-7E59-DA3A50C02023}.Release|Any CPU.ActiveCfg = Release|Any CPU
		{70E12CE7-C6D5-6C9B-7E59-DA3A50C02023}.Release|Any CPU.Build.0 = Release|Any CPU
		{C659CCB6-77F5-2633-6B81-BEAD79582809}.Debug|Any CPU.ActiveCfg = Debug|Any CPU
		{C659CCB6-77F5-2633-6B81-BEAD79582809}.Debug|Any CPU.Build.0 = Debug|Any CPU
		{C659CCB6-77F5-2633-6B81-BEAD79582809}.Release|Any CPU.ActiveCfg = Release|Any CPU
		{C659CCB6-77F5-2633-6B81-BEAD79582809}.Release|Any CPU.Build.0 = Release|Any CPU
		{DC163666-5C9A-518B-71DF-5C722C934E0B}.Debug|Any CPU.ActiveCfg = Debug|Any CPU
		{DC163666-5C9A-518B-71DF-5C722C934E0B}.Debug|Any CPU.Build.0 = Debug|Any CPU
		{DC163666-5C9A-518B-71DF-5C722C934E0B}.Release|Any CPU.ActiveCfg = Release|Any CPU
		{DC163666-5C9A-518B-71DF-5C722C934E0B}.Release|Any CPU.Build.0 = Release|Any CPU
		{5C2709DA-1E75-4BCC-DB24-07A844BEC539}.Debug|Any CPU.ActiveCfg = Debug|Any CPU
		{5C2709DA-1E75-4BCC-DB24-07A844BEC539}.Debug|Any CPU.Build.0 = Debug|Any CPU
		{5C2709DA-1E75-4BCC-DB24-07A844BEC539}.Release|Any CPU.ActiveCfg = Release|Any CPU
		{5C2709DA-1E75-4BCC-DB24-07A844BEC539}.Release|Any CPU.Build.0 = Release|Any CPU
	EndGlobalSection
	GlobalSection(SolutionProperties) = preSolution
		HideSolutionNode = FALSE
	EndGlobalSection
EndGlobal
